# THIS IS AN AUTOGENERATED FILE. DO NOT EDIT THIS FILE DIRECTLY.
# yarn lockfile v1


"@auth0/auth0-spa-js@^1.5.0":
  version "1.5.0"
  resolved "https://registry.yarnpkg.com/@auth0/auth0-spa-js/-/auth0-spa-js-1.5.0.tgz#430ee07920b2d0a162b492054830a4a94ac065f3"
  integrity sha512-8yBQY+C+A+cr7zXKAHXYcm3gioJdUuP0Qb/RFShzh4Q2RGmBfdVkiOxt7oR2MJua3T1v5H53vZhQvTADvIcAIw==
  dependencies:
    browser-tabs-lock "^1.1.9"
    core-js "^3.2.1"
    es-cookie "^1.2.0"
    fast-text-encoding "^1.0.0"
    promise-polyfill "^8.1.3"
    unfetch "^4.1.0"

browser-tabs-lock@^1.1.9:
  version "1.1.11"
  resolved "https://registry.yarnpkg.com/browser-tabs-lock/-/browser-tabs-lock-1.1.11.tgz#e25f2a05f2fead3107de095e192f4339d87c043b"
  integrity sha512-EYcK3sfSa3maa3GE3+9+TQkohV6XvzAyBpbl7yD1JRBAzvWJ6W8wApQe75UtQuL2T3HcRSwiNoksvKyo+uIVjw==

core-js@^3.2.1:
  version "3.4.0"
  resolved "https://registry.yarnpkg.com/core-js/-/core-js-3.4.0.tgz#29ea478601789c72f2978e9bb98f43546f89d3aa"
  integrity sha512-lQxb4HScV71YugF/X28LtePZj9AB7WqOpcB+YztYxusvhrgZiQXPmCYfPC5LHsw/+ScEtDbXU3xbqH3CjBRmYA==

es-cookie@^1.2.0:
  version "1.3.0"
  resolved "https://registry.yarnpkg.com/es-cookie/-/es-cookie-1.3.0.tgz#ae757b55d35d6c6f166076bf96f1f1a61ac1921f"
  integrity sha512-zwTwrryAbOlL2Ru+Id6irvwwrFPorqb8AHNL0dkU/u7XVwGN70qhAQoh+YIDtrk3150O//DwCA3DLgc7EjL/8g==

fast-text-encoding@^1.0.0:
  version "1.0.0"
  resolved "https://registry.yarnpkg.com/fast-text-encoding/-/fast-text-encoding-1.0.0.tgz#3e5ce8293409cfaa7177a71b9ca84e1b1e6f25ef"
  integrity sha512-R9bHCvweUxxwkDwhjav5vxpFvdPGlVngtqmx4pIZfSUhM/Q4NiIUHB456BAf+Q1Nwu3HEZYONtu+Rya+af4jiQ==

promise-polyfill@^8.1.3:
  version "8.1.3"
  resolved "https://registry.yarnpkg.com/promise-polyfill/-/promise-polyfill-8.1.3.tgz#8c99b3cf53f3a91c68226ffde7bde81d7f904116"
  integrity sha512-MG5r82wBzh7pSKDRa9y+vllNHz3e3d4CNj1PQE4BQYxLme0gKYYBm9YENq+UkEikyZ0XbiGWxYlVw3Rl9O/U8g==

unfetch@^4.1.0:
  version "4.1.0"
  resolved "https://registry.yarnpkg.com/unfetch/-/unfetch-4.1.0.tgz#6ec2dd0de887e58a4dee83a050ded80ffc4137db"
  integrity sha512-crP/n3eAPUJxZXM9T80/yv0YhkTEx2K1D3h7D1AJM6fzsWZrxdyRuLN0JH/dkZh1LNH8LxCnBzoPFCPbb2iGpg==
